
Microsoft Visual Studio Solution File, Format Version 12.00
# Visual Studio Version 17
VisualStudioVersion = 17.1.32210.238
MinimumVisualStudioVersion = 10.0.40219.1
Project("{FAE04EC0-301F-11D3-BF4B-00C04F79EFBC}") = "HashTable", "HashTable.csproj", "{D225546A-6B0B-4F89-B047-E5BA340AEC13}"
EndProject
Global
	GlobalSection(SolutionConfigurationPlatforms) = preSolution
		Debug|Any CPU = Debug|Any CPU
		Release|Any CPU = Release|Any CPU
	EndGlobalSection
	GlobalSection(ProjectConfigurationPlatforms) = postSolution
		{D225546A-6B0B-4F89-B047-E5BA340AEC13}.Debug|Any CPU.ActiveCfg = Debug|Any CPU
		{D225546A-6B0B-4F89-B047-E5BA340AEC13}.Debug|Any CPU.Build.0 = Debug|Any CPU
		{D225546A-6B0B-4F89-B047-E5BA340AEC13}.Release|Any CPU.ActiveCfg = Release|Any CPU
		{D225546A-6B0B-4F89-B047-E5BA340AEC13}.Release|Any CPU.Build.0 = Release|Any CPU
	EndGlobalSection
	GlobalSection(SolutionProperties) = preSolution
		HideSolutionNode = FALSE
	EndGlobalSection
	GlobalSection(ExtensibilityGlobals) = postSolution
		SolutionGuid = {E71E3139-44DB-4877-8E9C-D96E5EAF2549}
	EndGlobalSection
EndGlobal
